
Microsoft Visual Studio Solution File, Format Version 12.00
# Visual Studio Version 17
VisualStudioVersion = 17.0.31903.59
MinimumVisualStudioVersion = 10.0.40219.1
Project("{FAE04EC0-301F-11D3-BF4B-00C04F79EFBC}") = "MyApp", "MyApp\MyApp.csproj", "{79D0B0D7-6CCE-4D75-8027-EF844C2C9E7B}"
EndProject
Project("{FAE04EC0-301F-11D3-BF4B-00C04F79EFBC}") = "MyApp.Tests", "MyApp.Tests\MyApp.Tests.csproj", "{DEF8A3BD-8DEB-4EA5-AE45-C0058A4A8ADC}"
EndProject
Global
	GlobalSection(SolutionConfigurationPlatforms) = preSolution
		Debug|Any CPU = Debug|Any CPU
		Release|Any CPU = Release|Any CPU
	EndGlobalSection
	GlobalSection(SolutionProperties) = preSolution
		HideSolutionNode = FALSE
	EndGlobalSection
	GlobalSection(ProjectConfigurationPlatforms) = postSolution
		{79D0B0D7-6CCE-4D75-8027-EF844C2C9E7B}.Debug|Any CPU.ActiveCfg = Debug|Any CPU
		{79D0B0D7-6CCE-4D75-8027-EF844C2C9E7B}.Debug|Any CPU.Build.0 = Debug|Any CPU
		{79D0B0D7-6CCE-4D75-8027-EF844C2C9E7B}.Release|Any CPU.ActiveCfg = Release|Any CPU
		{79D0B0D7-6CCE-4D75-8027-EF844C2C9E7B}.Release|Any CPU.Build.0 = Release|Any CPU
		{DEF8A3BD-8DEB-4EA5-AE45-C0058A4A8ADC}.Debug|Any CPU.ActiveCfg = Debug|Any CPU
		{DEF8A3BD-8DEB-4EA5-AE45-C0058A4A8ADC}.Debug|Any CPU.Build.0 = Debug|Any CPU
		{DEF8A3BD-8DEB-4EA5-AE45-C0058A4A8ADC}.Release|Any CPU.ActiveCfg = Release|Any CPU
		{DEF8A3BD-8DEB-4EA5-AE45-C0058A4A8ADC}.Release|Any CPU.Build.0 = Release|Any CPU
	EndGlobalSection
EndGlobal
